dependencies:
- name: prometheus
  repository: https://prometheus-community.github.io/helm-charts
  version: 29.13.0
- name: loki-stack
  repository: https://grafana.github.io/helm-charts
  version: 2.10.3
- name: grafana
  repository: https://grafana-community.github.io/helm-charts
  version: 12.7.1
- name: prometheus-blackbox-exporter
  repository: https://prometheus-community.github.io/helm-charts
  version: 11.15.1
digest: sha256:f3073053f5023835646749a99b75f4924bf06c77a5fa8d7b5ee221e56e2d2a0f
generated: "2026-07-15T16:58:31.832859016Z"
